PODS:
  - cupertino_native (0.0.1):
    - Flutter
  - Flutter (1.0.0)
  - flutter_idensic_mobile_sdk_plugin (1.44.1):
    - Flutter
    - IdensicMobileSDK (= 1.44.0)
  - flutter_local_notifications (0.0.1):
    - Flutter
  - flutter_webrtc (0.12.6):
    - Flutter
    - WebRTC-SDK (= 125.6422.06)
  - IdensicMobileSDK (1.44.0):
    - IdensicMobileSDK/Default (= 1.44.0)
  - IdensicMobileSDK/Core (1.44.0)
  - IdensicMobileSDK/Default (1.44.0):
    - IdensicMobileSDK/Core
  - permission_handler_apple (9.3.0):
    - Flutter
  - record (0.0.1):
    - Flutter
  - sign_in_with_apple (0.0.1):
    - Flutter
  - WebRTC-SDK (125.6422.06)

DEPENDENCIES:
  - cupertino_native (from `.symlinks/plugins/cupertino_native/ios`)
  - Flutter (from `Flutter`)
  - flutter_idensic_mobile_sdk_plugin (from `.symlinks/plugins/flutter_idensic_mobile_sdk_plugin/ios`)
  - flutter_local_notifications (from `.symlinks/plugins/flutter_local_notifications/ios`)
  - flutter_webrtc (from `.symlinks/plugins/flutter_webrtc/ios`)
  - permission_handler_apple (from `.symlinks/plugins/permission_handler_apple/ios`)
  - record (from `.symlinks/plugins/record/ios`)
  - sign_in_with_apple (from `.symlinks/plugins/sign_in_with_apple/ios`)

SPEC REPOS:
  https://github.com/CocoaPods/Specs.git:
    - WebRTC-SDK
  https://github.com/SumSubstance/Specs.git:
    - IdensicMobileSDK

EXTERNAL SOURCES:
  cupertino_native:
    :path: ".symlinks/plugins/cupertino_native/ios"
  Flutter:
    :path: Flutter
  flutter_idensic_mobile_sdk_plugin:
    :path: ".symlinks/plugins/flutter_idensic_mobile_sdk_plugin/ios"
  flutter_local_notifications:
    :path: ".symlinks/plugins/flutter_local_notifications/ios"
  flutter_webrtc:
    :path: ".symlinks/plugins/flutter_webrtc/ios"
  permission_handler_apple:
    :path: ".symlinks/plugins/permission_handler_apple/ios"
  record:
    :path: ".symlinks/plugins/record/ios"
  sign_in_with_apple:
    :path: ".symlinks/plugins/sign_in_with_apple/ios"

SPEC CHECKSUMS:
  cupertino_native: 1db0611c94f9a9ea28433ed16a344dcb996370b5
  Flutter: cabc95a1d2626b1b06e7179b784ebcf0c0cde467
  flutter_idensic_mobile_sdk_plugin: e047eec9a5cc6dea384b9fc990e7632a291e25b0
  flutter_local_notifications: 395056b3175ba4f08480a7c5de30cd36d69827e4
  flutter_webrtc: 57f32415b8744e806f9c2a96ccdb60c6a627ba33
  IdensicMobileSDK: 0007bad765d99a5ca40daff46ea4fe98ca38572a
  permission_handler_apple: 4ed2196e43d0651e8ff7ca3483a069d469701f2d
  record: 426d0643542aaca81f738c5d214ad99626b2f134
  sign_in_with_apple: c5dcc141574c8c54d5ac99dd2163c0c72ad22418
  WebRTC-SDK: 79942c006ea64f6fb48d7da8a4786dfc820bc1db

PODFILE CHECKSUM: 0ba9bd5e159601c2cde7a0caf6221affecfdf025

COCOAPODS: 1.16.2
